// !$*UTF8*$!
{
	archiveVersion = 1;
	classes = {
	};
	objectVersion = 46;
	objects = {

/* Begin PBXBuildFile section */
		CF5307661DE6A4AC00CE03BF /* AppDelegate.swift in Sources */ = {isa = PBXBuildFile; fileRef = CF5307651DE6A4AC00CE03BF /* AppDelegate.swift */; };
		CF5307681DE6A4AC00CE03BF /* ViewController.swift in Sources */ = {isa = PBXBuildFile; fileRef = CF5307671DE6A4AC00CE03BF /* ViewController.swift */; };
		CF53076B1DE6A4AC00CE03BF /* Main.storyboard in Resources */ = {isa = PBXBuildFile; fileRef = CF5307691DE6A4AC00CE03BF /* Main.storyboard */; };
		CF53076D1DE6A4AC00CE03BF /* Assets.xcassets in Resources */ = {isa = PBXBuildFile; fileRef = CF53076C1DE6A4AC00CE03BF /* Assets.xcassets */; };
		CF5307701DE6A4AC00CE03BF /* LaunchScreen.storyboard in Resources */ = {isa = PBXBuildFile; fileRef = CF53076E1DE6A4AC00CE03BF /* LaunchScreen.storyboard */; };
		CF53077B1DE6A4AC00CE03BF /* CalculatorTests.swift in Sources */ = {isa = PBXBuildFile; fileRef = CF53077A1DE6A4AC00CE03BF /* CalculatorTests.swift */; };
		CFE29CCD1DE82057002418FD /* OperatorsButton.swift in Sources */ = {isa = PBXBuildFile; fileRef = CFE29CCC1DE82057002418FD /* OperatorsButton.swift */; };
		CFE29CCF1DE823F6002418FD /* GradientView.swift in Sources */ = {isa = PBXBuildFile; fileRef = CFE29CCE1DE823F6002418FD /* GradientView.swift */; };
		CFE29CD11DE836CF002418FD /* NumbersButton.swift in Sources */ = {isa = PBXBuildFile; fileRef = CFE29CD01DE836CF002418FD /* NumbersButton.swift */; };
/* End PBXBuildFile section */

/* Begin PBXContainerItemProxy section */
		CF5307771DE6A4AC00CE03BF /* PBXContainerItemProxy */ = {
			isa = PBXContainerItemProxy;
			containerPortal = CF53075A1DE6A4AC00CE03BF /* Project object */;
			proxyType = 1;
			remoteGlobalIDString = CF5307611DE6A4AC00CE03BF;
			remoteInfo = Calculator;
		};
/* End PBXContainerItemProxy section */

/* Begin PBXFileReference section */
		CF5307621DE6A4AC00CE03BF /* Calculator.app */ = {isa = PBXFileReference; explicitFileType = wrapper.application; includeInIndex = 0; path = Calculator.app; sourceTree = BUILT_PRODUCTS_DIR; };
		CF5307651DE6A4AC00CE03BF /* AppDelegate.swift */ = {isa = PBXFileReference; lastKnownFileType = sourcecode.swift; path = AppDelegate.swift; sourceTree = "<group>"; };
		CF5307671DE6A4AC00CE03BF /* ViewController.swift */ = {isa = PBXFileReference; lastKnownFileType = sourcecode.swift; path = ViewController.swift; sourceTree = "<group>"; };
		CF53076A1DE6A4AC00CE03BF /* Base */ = {isa = PBXFileReference; lastKnownFileType = file.storyboard; name = Base; path = Base.lproj/Main.storyboard; sourceTree = "<group>"; };
		CF53076C1DE6A4AC00CE03BF /* Assets.xcassets */ = {isa = PBXFileReference; lastKnownFileType = folder.assetcatalog; path = Assets.xcassets; sourceTree = "<group>"; };
		CF53076F1DE6A4AC00CE03BF /* Base */ = {isa = PBXFileReference; lastKnownFileType = file.storyboard; name = Base; path = Base.lproj/LaunchScreen.storyboard; sourceTree = "<group>"; };
		CF5307711DE6A4AC00CE03BF /* Info.plist */ = {isa = PBXFileReference; lastKnownFileType = text.plist.xml; path = Info.plist; sourceTree = "<group>"; };
		CF5307761DE6A4AC00CE03BF /* CalculatorTests.xctest */ = {isa = PBXFileReference; explicitFileType = wrapper.cfbundle; includeInIndex = 0; path = CalculatorTests.xctest; sourceTree = BUILT_PRODUCTS_DIR; };
		CF53077A1DE6A4AC00CE03BF /* CalculatorTests.swift */ = {isa = PBXFileReference; lastKnownFileType = sourcecode.swift; path = CalculatorTests.swift; sourceTree = "<group>"; };
		CF53077C1DE6A4AC00CE03BF /* Info.plist */ = {isa = PBXFileReference; lastKnownFileType = text.plist.xml; path = Info.plist; sourceTree = "<group>"; };
		CFE29CCC1DE82057002418FD /* OperatorsButton.swift */ = {isa = PBXFileReference; fileEncoding = 4; lastKnownFileType = sourcecode.swift; path = OperatorsButton.swift; sourceTree = "<group>"; };
		CFE29CCE1DE823F6002418FD /* GradientView.swift */ = {isa = PBXFileReference; fileEncoding = 4; lastKnownFileType = sourcecode.swift; path = GradientView.swift; sourceTree = "<group>"; };
		CFE29CD01DE836CF002418FD /* NumbersButton.swift */ = {isa = PBXFileReference; fileEncoding = 4; lastKnownFileType = sourcecode.swift; path = NumbersButton.swift; sourceTree = "<group>"; };
/* End PBXFileReference section */

/* Begin PBXFrameworksBuildPhase section */
		CF53075F1DE6A4AC00CE03BF /* Frameworks */ = {
			isa = PBXFrameworksBuildPhase;
			buildActionMask = 2147483647;
			files = (
			);
			runOnlyForDeploymentPostprocessing = 0;
		};
		CF5307731DE6A4AC00CE03BF /* Frameworks */ = {
			isa = PBXFrameworksBuildPhase;
			buildActionMask = 2147483647;
			files = (
			);
			runOnlyForDeploymentPostprocessing = 0;
		};
/* End PBXFrameworksBuildPhase section */

/* Begin PBXGroup section */
		CF5307591DE6A4AC00CE03BF = {
			isa = PBXGroup;
			children = (
				CF5307641DE6A4AC00CE03BF /* Calculator */,
				CF5307791DE6A4AC00CE03BF /* CalculatorTests */,
				CF5307631DE6A4AC00CE03BF /* Products */,
			);
			sourceTree = "<group>";
		};
		CF5307631DE6A4AC00CE03BF /* Products */ = {
			isa = PBXGroup;
			children = (
				CF5307621DE6A4AC00CE03BF /* Calculator.app */,
				CF5307761DE6A4AC00CE03BF /* CalculatorTests.xctest */,
			);
			name = Products;
			sourceTree = "<group>";
		};
		CF5307641DE6A4AC00CE03BF /* Calculator */ = {
			isa = PBXGroup;
			children = (
				CF5307651DE6A4AC00CE03BF /* AppDelegate.swift */,
				CF5307671DE6A4AC00CE03BF /* ViewController.swift */,
				CF5307691DE6A4AC00CE03BF /* Main.storyboard */,
				CFE29CD01DE836CF002418FD /* NumbersButton.swift */,
				CFE29CCE1DE823F6002418FD /* GradientView.swift */,
				CFE29CCC1DE82057002418FD /* OperatorsButton.swift */,
				CF53076C1DE6A4AC00CE03BF /* Assets.xcassets */,
				CF53076E1DE6A4AC00CE03BF /* LaunchScreen.storyboard */,
				CF5307711DE6A4AC00CE03BF /* Info.plist */,
			);
			path = Calculator;
			sourceTree = "<group>";
		};
		CF5307791DE6A4AC00CE03BF /* CalculatorTests */ = {
			isa = PBXGroup;
			children = (
				CF53077A1DE6A4AC00CE03BF /* CalculatorTests.swift */,
				CF53077C1DE6A4AC00CE03BF /* Info.plist */,
			);
			path = CalculatorTests;
			sourceTree = "<group>";
		};
/* End PBXGroup section */

/* Begin PBXNativeTarget section */
		CF5307611DE6A4AC00CE03BF /* Calculator */ = {
			isa = PBXNativeTarget;
			buildConfigurationList = CF53077F1DE6A4AC00CE03BF /* Build configuration list for PBXNativeTarget "Calculator" */;
			buildPhases = (
				CF53075E1DE6A4AC00CE03BF /* Sources */,
				CF53075F1DE6A4AC00CE03BF /* Frameworks */,
				CF5307601DE6A4AC00CE03BF /* Resources */,
			);
			buildRules = (
			);
			dependencies = (
			);
			name = Calculator;
			productName = Calculator;
			productReference = CF5307621DE6A4AC00CE03BF /* Calculator.app */;
			productType = "com.apple.product-type.application";
		};
		CF5307751DE6A4AC00CE03BF /* CalculatorTests */ = {
			isa = PBXNativeTarget;
			buildConfigurationList = CF5307821DE6A4AC00CE03BF /* Build configuration list for PBXNativeTarget "CalculatorTests" */;
			buildPhases = (
				CF5307721DE6A4AC00CE03BF /* Sources */,
				CF5307731DE6A4AC00CE03BF /* Frameworks */,
				CF5307741DE6A4AC00CE03BF /* Resources */,
			);
			buildRules = (
			);
			dependencies = (
				CF5307781DE6A4AC00CE03BF /* PBXTargetDependency */,
			);
			name = CalculatorTests;
			productName = CalculatorTests;
			productReference = CF5307761DE6A4AC00CE03BF /* CalculatorTests.xctest */;
			productType = "com.apple.product-type.bundle.unit-test";
		};
/* End PBXNativeTarget section */

/* Begin PBXProject section */
		CF53075A1DE6A4AC00CE03BF /* Project object */ = {
			isa = PBXProject;
			attributes = {
				LastSwiftUpdateCheck = 0810;
				LastUpgradeCheck = 0810;
				ORGANIZATIONNAME = "Nhật Minh";
				TargetAttributes = {
					CF5307611DE6A4AC00CE03BF = {
						CreatedOnToolsVersion = 8.1;
						ProvisioningStyle = Automatic;
					};
					CF5307751DE6A4AC00CE03BF = {
						CreatedOnToolsVersion = 8.1;
						ProvisioningStyle = Automatic;
						TestTargetID = CF5307611DE6A4AC00CE03BF;
					};
				};
			};
			buildConfigurationList = CF53075D1DE6A4AC00CE03BF /* Build configuration list for PBXProject "Calculator" */;
			compatibilityVersion = "Xcode 3.2";
			developmentRegion = English;
			hasScannedForEncodings = 0;
			knownRegions = (
				en,
				Base,
			);
			mainGroup = CF5307591DE6A4AC00CE03BF;
			productRefGroup = CF5307631DE6A4AC00CE03BF /* Products */;
			projectDirPath = "";
			projectRoot = "";
			targets = (
				CF5307611DE6A4AC00CE03BF /* Calculator */,
				CF5307751DE6A4AC00CE03BF /* CalculatorTests */,
			);
		};
/* End PBXProject section */

/* Begin PBXResourcesBuildPhase section */
		CF5307601DE6A4AC00CE03BF /* Resources */ = {
			isa = PBXResourcesBuildPhase;
			buildActionMask = 2147483647;
			files = (
				CF5307701DE6A4AC00CE03BF /* LaunchScreen.storyboard in Resources */,
				CF53076D1DE6A4AC00CE03BF /* Assets.xcassets in Resources */,
				CF53076B1DE6A4AC00CE03BF /* Main.storyboard in Resources */,
			);
			runOnlyForDeploymentPostprocessing = 0;
		};
		CF5307741DE6A4AC00CE03BF /* Resources */ = {
			isa = PBXResourcesBuildPhase;
			buildActionMask = 2147483647;
			files = (
			);
			runOnlyForDeploymentPostprocessing = 0;
		};
/* End PBXResourcesBuildPhase section */

/* Begin PBXSourcesBuildPhase section */
		CF53075E1DE6A4AC00CE03BF /* Sources */ = {
			isa = PBXSourcesBuildPhase;
			buildActionMask = 2147483647;
			files = (
				CFE29CCD1DE82057002418FD /* OperatorsButton.swift in Sources */,
				CF5307681DE6A4AC00CE03BF /* ViewController.swift in Sources */,
				CFE29CCF1DE823F6002418FD /* GradientView.swift in Sources */,
				CF5307661DE6A4AC00CE03BF /* AppDelegate.swift in Sources */,
				CFE29CD11DE836CF002418FD /* NumbersButton.swift in Sources */,
			);
			runOnlyForDeploymentPostprocessing = 0;
		};
		CF5307721DE6A4AC00CE03BF /* Sources */ = {
			isa = PBXSourcesBuildPhase;
			buildActionMask = 2147483647;
			files = (
				CF53077B1DE6A4AC00CE03BF /* CalculatorTests.swift in Sources */,
			);
			runOnlyForDeploymentPostprocessing = 0;
		};
/* End PBXSourcesBuildPhase section */

/* Begin PBXTargetDependency section */
		CF5307781DE6A4AC00CE03BF /* PBXTargetDependency */ = {
			isa = PBXTargetDependency;
			target = CF5307611DE6A4AC00CE03BF /* Calculator */;
			targetProxy = CF5307771DE6A4AC00CE03BF /* PBXContainerItemProxy */;
		};
/* End PBXTargetDependency section */

/* Begin PBXVariantGroup section */
		CF5307691DE6A4AC00CE03BF /* Main.storyboard */ = {
			isa = PBXVariantGroup;
			children = (
				CF53076A1DE6A4AC00CE03BF /* Base */,
			);
			name = Main.storyboard;
			sourceTree = "<group>";
		};
		CF53076E1DE6A4AC00CE03BF /* LaunchScreen.storyboard */ = {
			isa = PBXVariantGroup;
			children = (
				CF53076F1DE6A4AC00CE03BF /* Base */,
			);
			name = LaunchScreen.storyboard;
			sourceTree = "<group>";
		};
/* End PBXVariantGroup section */

/* Begin XCBuildConfiguration section */
		CF53077D1DE6A4AC00CE03BF /* Debug */ = {
			isa = XCBuildConfiguration;
			buildSettings = {
				ALWAYS_SEARCH_USER_PATHS = NO;
				CLANG_ANALYZER_NONNULL = YES;
				CLANG_CXX_LANGUAGE_STANDARD = "gnu++0x";
				CLANG_CXX_LIBRARY = "libc++";
				CLANG_ENABLE_MODULES = YES;
				CLANG_ENABLE_OBJC_ARC = YES;
				CLANG_WARN_BOOL_CONVERSION = YES;
				CLANG_WARN_CONSTANT_CONVERSION = YES;
				CLANG_WARN_DIRECT_OBJC_ISA_USAGE = YES_ERROR;
				CLANG_WARN_DOCUMENTATION_COMMENTS = YES;
				CLANG_WARN_EMPTY_BODY = YES;
				CLANG_WARN_ENUM_CONVERSION = YES;
				CLANG_WARN_INFINITE_RECURSION = YES;
				CLANG_WARN_INT_CONVERSION = YES;
				CLANG_WARN_OBJC_ROOT_CLASS = YES_ERROR;
				CLANG_WARN_SUSPICIOUS_MOVES = YES;
				CLANG_WARN_UNREACHABLE_CODE = YES;
				CLANG_WARN__DUPLICATE_METHOD_MATCH = YES;
				"CODE_SIGN_IDENTITY[sdk=iphoneos*]" = "iPhone Developer";
				COPY_PHASE_STRIP = NO;
				DEBUG_INFORMATION_FORMAT = dwarf;
				ENABLE_STRICT_OBJC_MSGSEND = YES;
				ENABLE_TESTABILITY = YES;
				GCC_C_LANGUAGE_STANDARD = gnu99;
				GCC_DYNAMIC_NO_PIC = NO;
				GCC_NO_COMMON_BLOCKS = YES;
				GCC_OPTIMIZATION_LEVEL = 0;
				GCC_PREPROCESSOR_DEFINITIONS = (
					"DEBUG=1",
					"$(inherited)",
				);
				GCC_WARN_64_TO_32_BIT_CONVERSION = YES;
				GCC_WARN_ABOUT_RETURN_TYPE = YES_ERROR;
				GCC_WARN_UNDECLARED_SELECTOR = YES;
				GCC_WARN_UNINITIALIZED_AUTOS = YES_AGGRESSIVE;
				GCC_WARN_UNUSED_FUNCTION = YES;
				GCC_WARN_UNUSED_VARIABLE = YES;
				IPHONEOS_DEPLOYMENT_TARGET = 10.1;
				MTL_ENABLE_DEBUG_INFO = YES;
				ONLY_ACTIVE_ARCH = YES;
				SDKROOT = iphoneos;
				SWIFT_ACTIVE_COMPILATION_CONDITIONS = DEBUG;
				SWIFT_OPTIMIZATION_LEVEL = "-Onone";
				TARGETED_DEVICE_FAMILY = "1,2";
			};
			name = Debug;
		};
		CF53077E1DE6A4AC00CE03BF /* Release */ = {
			isa = XCBuildConfiguration;
			buildSettings = {
				ALWAYS_SEARCH_USER_PATHS = NO;
				CLANG_ANALYZER_NONNULL = YES;
				CLANG_CXX_LANGUAGE_STANDARD = "gnu++0x";
				CLANG_CXX_LIBRARY = "libc++";
				CLANG_ENABLE_MODULES = YES;
				CLANG_ENABLE_OBJC_ARC = YES;
				CLANG_WARN_BOOL_CONVERSION = YES;
				CLANG_WARN_CONSTANT_CONVERSION = YES;
				CLANG_WARN_DIRECT_OBJC_ISA_USAGE = YES_ERROR;
				CLANG_WARN_DOCUMENTATION_COMMENTS = YES;
				CLANG_WARN_EMPTY_BODY = YES;
				CLANG_WARN_ENUM_CONVERSION = YES;
				CLANG_WARN_INFINITE_RECURSION = YES;
				CLANG_WARN_INT_CONVERSION = YES;
				CLANG_WARN_OBJC_ROOT_CLASS = YES_ERROR;
				CLANG_WARN_SUSPICIOUS_MOVES = YES;
				CLANG_WARN_UNREACHABLE_CODE = YES;
				CLANG_WARN__DUPLICATE_METHOD_MATCH = YES;
				"CODE_SIGN_IDENTITY[sdk=iphoneos*]" = "iPhone Developer";
				COPY_PHASE_STRIP = NO;
				DEBUG_INFORMATION_FORMAT = "dwarf-with-dsym";
				ENABLE_NS_ASSERTIONS = NO;
				ENABLE_STRICT_OBJC_MSGSEND = YES;
				GCC_C_LANGUAGE_STANDARD = gnu99;
				GCC_NO_COMMON_BLOCKS = YES;
				GCC_WARN_64_TO_32_BIT_CONVERSION = YES;
				GCC_WARN_ABOUT_RETURN_TYPE = YES_ERROR;
				GCC_WARN_UNDECLARED_SELECTOR = YES;
				GCC_WARN_UNINITIALIZED_AUTOS = YES_AGGRESSIVE;
				GCC_WARN_UNUSED_FUNCTION = YES;
				GCC_WARN_UNUSED_VARIABLE = YES;
				IPHONEOS_DEPLOYMENT_TARGET = 10.1;
				MTL_ENABLE_DEBUG_INFO = NO;
				SDKROOT = iphoneos;
				SWIFT_OPTIMIZATION_LEVEL = "-Owholemodule";
				TARGETED_DEVICE_FAMILY = "1,2";
				VALIDATE_PRODUCT = YES;
			};
			name = Release;
		};
		CF5307801DE6A4AC00CE03BF /* Debug */ = {
			isa = XCBuildConfiguration;
			buildSettings = {
				ASSETCATALOG_COMPILER_APPICON_NAME = AppIcon;
				INFOPLIST_FILE = Calculator/Info.plist;
				LD_RUNPATH_SEARCH_PATHS = "$(inherited) @executable_path/Frameworks";
				PRODUCT_BUNDLE_IDENTIFIER = ahahaha.Calculator;
				PRODUCT_NAME = "$(TARGET_NAME)";
				SWIFT_VERSION = 3.0;
			};
			name = Debug;
		};
		CF5307811DE6A4AC00CE03BF /* Release */ = {
			isa = XCBuildConfiguration;
			buildSettings = {
				ASSETCATALOG_COMPILER_APPICON_NAME = AppIcon;
				INFOPLIST_FILE = Calculator/Info.plist;
				LD_RUNPATH_SEARCH_PATHS = "$(inherited) @executable_path/Frameworks";
				PRODUCT_BUNDLE_IDENTIFIER = ahahaha.Calculator;
				PRODUCT_NAME = "$(TARGET_NAME)";
				SWIFT_VERSION = 3.0;
			};
			name = Release;
		};
		CF5307831DE6A4AC00CE03BF /* Debug */ = {
			isa = XCBuildConfiguration;
			buildSettings = {
				ALWAYS_EMBED_SWIFT_STANDARD_LIBRARIES = YES;
				BUNDLE_LOADER = "$(TEST_HOST)";
				INFOPLIST_FILE = CalculatorTests/Info.plist;
				LD_RUNPATH_SEARCH_PATHS = "$(inherited) @executable_path/Frameworks @loader_path/Frameworks";
				PRODUCT_BUNDLE_IDENTIFIER = ahahaha.CalculatorTests;
				PRODUCT_NAME = "$(TARGET_NAME)";
				SWIFT_VERSION = 3.0;
				TEST_HOST = "$(BUILT_PRODUCTS_DIR)/Calculator.app/Calculator";
			};
			name = Debug;
		};
		CF5307841DE6A4AC00CE03BF /* Release */ = {
			isa = XCBuildConfiguration;
			buildSettings = {
				ALWAYS_EMBED_SWIFT_STANDARD_LIBRARIES = YES;
				BUNDLE_LOADER = "$(TEST_HOST)";
				INFOPLIST_FILE = CalculatorTests/Info.plist;
				LD_RUNPATH_SEARCH_PATHS = "$(inherited) @executable_path/Frameworks @loader_path/Frameworks";
				PRODUCT_BUNDLE_IDENTIFIER = ahahaha.CalculatorTests;
				PRODUCT_NAME = "$(TARGET_NAME)";
				SWIFT_VERSION = 3.0;
				TEST_HOST = "$(BUILT_PRODUCTS_DIR)/Calculator.app/Calculator";
			};
			name = Release;
		};
/* End XCBuildConfiguration section */

/* Begin XCConfigurationList section */
		CF53075D1DE6A4AC00CE03BF /* Build configuration list for PBXProject "Calculator" */ = {
			isa = XCConfigurationList;
			buildConfigurations = (
				CF53077D1DE6A4AC00CE03BF /* Debug */,
				CF53077E1DE6A4AC00CE03BF /* Release */,
			);
			defaultConfigurationIsVisible = 0;
			defaultConfigurationName = Release;
		};
		CF53077F1DE6A4AC00CE03BF /* Build configuration list for PBXNativeTarget "Calculator" */ = {
			isa = XCConfigurationList;
			buildConfigurations = (
				CF5307801DE6A4AC00CE03BF /* Debug */,
				CF5307811DE6A4AC00CE03BF /* Release */,
			);
			defaultConfigurationIsVisible = 0;
			defaultConfigurationName = Release;
		};
		CF5307821DE6A4AC00CE03BF /* Build configuration list for PBXNativeTarget "CalculatorTests" */ = {
			isa = XCConfigurationList;
			buildConfigurations = (
				CF5307831DE6A4AC00CE03BF /* Debug */,
				CF5307841DE6A4AC00CE03BF /* Release */,
			);
			defaultConfigurationIsVisible = 0;
			defaultConfigurationName = Release;
		};
/* End XCConfigurationList section */
	};
	rootObject = CF53075A1DE6A4AC00CE03BF /* Project object */;
}
